github.com/cespare/xxhash/v2 v2.3.0 h1:ULPUTBkaTq3Dz0K+Z2rL8RBBJqKrR7mQ5jT0a+3x6=
github.com/cespare/xxhash/v2 v2.3.0/go.mod h1:VGX0DQ3Q6kWi7AoAeZDth3/j3BFtOZR5XLFGgcrjCOs=
github.com/dgryski/go-rendezvous v0.0.0-20200823014737-9f7001d12a5f h1:lO4WD4F/rVNCu3HqELle0jiPLLBs70cWOduZpkS1E78=
github.com/dgryski/go-rendezvous v0.0.0-20200823014737-9f7001d12a5f/go.mod h1:cuUVRXasLTGF7a8hSLbxyZXjz+1KgoB3wDUb6vlszIc=
github.com/go-chi/chi/v5 v5.1.0 h1:acVI1TYaD+hhedDJ3r54HyA6sExp3HfXq7QWEEY/xMw=
github.com/go-chi/chi/v5 v5.1.0/go.mod h1:DslCQbL2OYiznFReuXYUmQ2hGd1aDpCnlMNITLSKoi8=
github.com/golang-jwt/jwt/v5 v5.2.1 h1:jVZnM4hSHKLecE0dZ6P5d5F7eYk1GB6v8fOik+OB3k=
github.com/golang-jwt/jwt/v5 v5.2.1/go.mod h1:pqrtFR0X4osieyHYxtmOUWsAWrfe1Q5UVIyoH402zdk=
github.com/google/uuid v1.6.0 h1:NIvaJDMOsjHA8n1jAhLSgzrAzy1Hgr+hNrb57e+94F0=
github.com/google/uuid v1.6.0/go.mod h1:TIyPZe4MgqvfeYDBFedMoGGpEw/LqOeaOT+nhxU+yHo=
github.com/gorilla/websocket v1.5.3 h1:saDtZ6Pbwc4x1wK4V9o1Vf0B9HfOqI+6hP0N6HtX1U=
github.com/gorilla/websocket v1.5.3/go.mod h1:YR8l580nyteQvAITg2hZ9XVh4b55+EU/acAj6WjW0YQ=
github.com/jackc/pgpassfile v1.0.0 h1:/6Hmqy13Ss2zCq62VdNG8tM1wych8cPtf1RBU0r4Vk=
github.com/jackc/pgpassfile v1.0.0/go.mod h1:CEx0iS5ambNFdcRtzPZtJku7s0x1w2MEOAuR4Vz9G0=
github.com/jackc/pgservicefile v0.0.0-20240606120523-5a60cdf6a761 h1:iCEnooe7UlwOQYpKFhBobPMYu4H0Z4bsvVxR1rZJhM=
github.com/jackc/pgservicefile v0.0.0-20240606120523-5a60cdf6a761/go.mod h1:5TJZWKEWniPve33vlWYSoGYefn3gLQRzjfDlhSJ9ZKM=
github.com/jackc/pgx/v5 v5.6.0 h1:SWJzexBzPL5jb0GEsrPMLIsi/3jOo+RHQl4aPVXb+Q=
github.com/jackc/pgx/v5 v5.6.0/go.mod h1:DNZ/vlrUnhWJFGqH86IOahj7C3y+3QUe8m7k4qG8+4=
github.com/jackc/puddle/v2 v2.2.1 h1:RhxXJtFG022u4ibrCSMSiu5aOq1i77YU3EHn5E1xSY=
github.com/jackc/puddle/v2 v2.2.1/go.mod h1:vriiEXHvEE654aYKXXjOvZM39qJ0q+azkZFrfEOc3H4=
github.com/redis/go-redis/v9 v9.5.4 h1:7K1x9Z9hD1x8Y6hC8Dz6fpHO7f7G6HhE6F7R3j7Nk=
github.com/redis/go-redis/v9 v9.5.4/go.mod h1:hdY0cQFCN4fnSYT6TkisLufl/4W5UIXyv0b/CLXQ4wM=
golang.org/x/crypto v0.25.0 h1:ypSNr+bnYL2YhwoMt2zPxQ1b8M5bPp4e8mH4Z8eK2w=
golang.org/x/crypto v0.25.0/go.mod h1:T+wALwcMOSE0kXgUAnPAHqTLW+XHgcELELW8VaDgm/M=
golang.org/x/sync v0.8.0 h1:3NFvSEYkUoMifnESzZl15y791HH1qU2xm6eCJU5ZFXQ=
golang.org/x/sync v0.8.0/go.mod h1:Czt+wKu1gCyEFDUtn0jG5QVvpJ6rzVqr5aXyt9drQfk=
golang.org/x/text v0.17.0 h1:XtiK5+yrn0Tk9M0iHH0F5bNsfj0G7x0M1j0s3jX5cA=
golang.org/x/text v0.17.0/go.mod h1:YXZCfpjQ2xjHZ+4G8f6h9nOQ2Mq4zV4YwH4q8y6v6A=
